
Microsoft Visual Studio Solution File, Format Version 12.00
# Visual Studio Version 17
VisualStudioVersion = 17.8.34330.188
MinimumVisualStudioVersion = 10.0.40219.1
Project("{8BC9CEB8-8B4A-11D0-8D11-00A0C91BC942}") = "Lab 8", "Lab 8.vcxproj", "{CA68C702-08F2-41BB-A4FC-B491A30C0397}"
EndProject
Global
	GlobalSection(SolutionConfigurationPlatforms) = preSolution
		Debug|x64 = Debug|x64
		Debug|x86 = Debug|x86
		Release|x64 = Release|x64
		Release|x86 = Release|x86
	EndGlobalSection
	GlobalSection(ProjectConfigurationPlatforms) = postSolution
		{CA68C702-08F2-41BB-A4FC-B491A30C0397}.Debug|x64.ActiveCfg = Debug|x64
		{CA68C702-08F2-41BB-A4FC-B491A30C0397}.Debug|x64.Build.0 = Debug|x64
		{CA68C702-08F2-41BB-A4FC-B491A30C0397}.Debug|x86.ActiveCfg = Debug|Win32
		{CA68C702-08F2-41BB-A4FC-B491A30C0397}.Debug|x86.Build.0 = Debug|Win32
		{CA68C702-08F2-41BB-A4FC-B491A30C0397}.Release|x64.ActiveCfg = Release|x64
		{CA68C702-08F2-41BB-A4FC-B491A30C0397}.Release|x64.Build.0 = Release|x64
		{CA68C702-08F2-41BB-A4FC-B491A30C0397}.Release|x86.ActiveCfg = Release|Win32
		{CA68C702-08F2-41BB-A4FC-B491A30C0397}.Release|x86.Build.0 = Release|Win32
	EndGlobalSection
	GlobalSection(SolutionProperties) = preSolution
		HideSolutionNode = FALSE
	EndGlobalSection
	GlobalSection(ExtensibilityGlobals) = postSolution
		SolutionGuid = {20C6BBDB-5651-4632-B520-4E340FC053E3}
	EndGlobalSection
EndGlobal
